
Microsoft Visual Studio Solution File, Format Version 12.00
# Visual Studio 15
VisualStudioVersion = 15.0.28010.2019
MinimumVisualStudioVersion = 10.0.40219.1
Project("{FAE04EC0-301F-11D3-BF4B-00C04F79EFBC}") = "Lab5ParkhomenkoCSharp2019", "Lab5ParkhomenkoCSharp2019.csproj", "{775DC6BE-71BE-492C-B691-89B1D883FB03}"
EndProject
Global
	GlobalSection(SolutionConfigurationPlatforms) = preSolution
		Debug|Any CPU = Debug|Any CPU
		Release|Any CPU = Release|Any CPU
	EndGlobalSection
	GlobalSection(ProjectConfigurationPlatforms) = postSolution
		{775DC6BE-71BE-492C-B691-89B1D883FB03}.Debug|Any CPU.ActiveCfg = Debug|Any CPU
		{775DC6BE-71BE-492C-B691-89B1D883FB03}.Debug|Any CPU.Build.0 = Debug|Any CPU
		{775DC6BE-71BE-492C-B691-89B1D883FB03}.Release|Any CPU.ActiveCfg = Release|Any CPU
		{775DC6BE-71BE-492C-B691-89B1D883FB03}.Release|Any CPU.Build.0 = Release|Any CPU
	EndGlobalSection
	GlobalSection(SolutionProperties) = preSolution
		HideSolutionNode = FALSE
	EndGlobalSection
	GlobalSection(ExtensibilityGlobals) = postSolution
		SolutionGuid = {6DA91E23-82D8-438F-B11F-DB29C240F201}
	EndGlobalSection
EndGlobal
